
Microsoft Visual Studio Solution File, Format Version 12.00
# Visual Studio Version 17
VisualStudioVersion = 17.6.33723.286
MinimumVisualStudioVersion = 10.0.40219.1
Project("{FAE04EC0-301F-11D3-BF4B-00C04F79EFBC}") = "blackjack", "blackjack.csproj", "{EB1AB926-A787-46AB-BED2-EC4EEA3BAFEE}"
EndProject
Global
	GlobalSection(SolutionConfigurationPlatforms) = preSolution
		Debug|Any CPU = Debug|Any CPU
		Release|Any CPU = Release|Any CPU
	EndGlobalSection
	GlobalSection(ProjectConfigurationPlatforms) = postSolution
		{EB1AB926-A787-46AB-BED2-EC4EEA3BAFEE}.Debug|Any CPU.ActiveCfg = Debug|Any CPU
		{EB1AB926-A787-46AB-BED2-EC4EEA3BAFEE}.Debug|Any CPU.Build.0 = Debug|Any CPU
		{EB1AB926-A787-46AB-BED2-EC4EEA3BAFEE}.Release|Any CPU.ActiveCfg = Release|Any CPU
		{EB1AB926-A787-46AB-BED2-EC4EEA3BAFEE}.Release|Any CPU.Build.0 = Release|Any CPU
	EndGlobalSection
	GlobalSection(SolutionProperties) = preSolution
		HideSolutionNode = FALSE
	EndGlobalSection
	GlobalSection(ExtensibilityGlobals) = postSolution
		SolutionGuid = {A4D85E96-6615-4F07-A644-8FCBF851D161}
	EndGlobalSection
EndGlobal
